
Microsoft Visual Studio Solution File, Format Version 12.00
# Visual Studio Version 16
VisualStudioVersion = 16.0.32106.194
MinimumVisualStudioVersion = 10.0.40219.1
Project("{FAE04EC0-301F-11D3-BF4B-00C04F79EFBC}") = "Ter_Ver_Lab_Ermolaev", "Ter_Ver_Lab_Ermolaev.csproj", "{0360FD89-12D0-4CE0-97EB-87AE78DB4C0B}"
EndProject
Global
	GlobalSection(SolutionConfigurationPlatforms) = preSolution
		Debug|Any CPU = Debug|Any CPU
		Release|Any CPU = Release|Any CPU
	EndGlobalSection
	GlobalSection(ProjectConfigurationPlatforms) = postSolution
		{0360FD89-12D0-4CE0-97EB-87AE78DB4C0B}.Debug|Any CPU.ActiveCfg = Debug|Any CPU
		{0360FD89-12D0-4CE0-97EB-87AE78DB4C0B}.Debug|Any CPU.Build.0 = Debug|Any CPU
		{0360FD89-12D0-4CE0-97EB-87AE78DB4C0B}.Release|Any CPU.ActiveCfg = Release|Any CPU
		{0360FD89-12D0-4CE0-97EB-87AE78DB4C0B}.Release|Any CPU.Build.0 = Release|Any CPU
	EndGlobalSection
	GlobalSection(SolutionProperties) = preSolution
		HideSolutionNode = FALSE
	EndGlobalSection
	GlobalSection(ExtensibilityGlobals) = postSolution
		SolutionGuid = {64C40E80-4EBF-49B7-86D3-B70942F2DE0D}
	EndGlobalSection
EndGlobal
